// !$*UTF8*$!
{
	archiveVersion = 1;
	classes = {
	};
	objectVersion = 55;
	objects = {

/* Begin PBXBuildFile section */
		ED2880B3274A19DE0050615F /* finalProjectV1App.swift in Sources */ = {isa = PBXBuildFile; fileRef = ED2880B2274A19DE0050615F /* finalProjectV1App.swift */; };
		ED2880B5274A19DE0050615F /* ContentView.swift in Sources */ = {isa = PBXBuildFile; fileRef = ED2880B4274A19DE0050615F /* ContentView.swift */; };
		ED2880B7274A19DF0050615F /* Assets.xcassets in Resources */ = {isa = PBXBuildFile; fileRef = ED2880B6274A19DF0050615F /* Assets.xcassets */; };
		ED2880BA274A19DF0050615F /* Preview Assets.xcassets in Resources */ = {isa = PBXBuildFile; fileRef = ED2880B9274A19DF0050615F /* Preview Assets.xcassets */; };
		ED2880C2274A1A0D0050615F /* LoginModel.swift in Sources */ = {isa = PBXBuildFile; fileRef = ED2880C1274A1A0D0050615F /* LoginModel.swift */; };
		ED2880C5274A1AEA0050615F /* LoginViewModel.swift in Sources */ = {isa = PBXBuildFile; fileRef = ED2880C4274A1AEA0050615F /* LoginViewModel.swift */; };
		ED2880C8274A1E6A0050615F /* LoginService.swift in Sources */ = {isa = PBXBuildFile; fileRef = ED2880C7274A1E6A0050615F /* LoginService.swift */; };
		ED2880CA274A22A40050615F /* HomeView.swift in Sources */ = {isa = PBXBuildFile; fileRef = ED2880C9274A22A40050615F /* HomeView.swift */; };
/* End PBXBuildFile section */

/* Begin PBXFileReference section */
		ED2880AF274A19DE0050615F /* finalProjectV1.app */ = {isa = PBXFileReference; explicitFileType = wrapper.application; includeInIndex = 0; path = finalProjectV1.app; sourceTree = BUILT_PRODUCTS_DIR; };
		ED2880B2274A19DE0050615F /* finalProjectV1App.swift */ = {isa = PBXFileReference; lastKnownFileType = sourcecode.swift; path = finalProjectV1App.swift; sourceTree = "<group>"; };
		ED2880B4274A19DE0050615F /* ContentView.swift */ = {isa = PBXFileReference; lastKnownFileType = sourcecode.swift; path = ContentView.swift; sourceTree = "<group>"; };
		ED2880B6274A19DF0050615F /* Assets.xcassets */ = {isa = PBXFileReference; lastKnownFileType = folder.assetcatalog; path = Assets.xcassets; sourceTree = "<group>"; };
		ED2880B9274A19DF0050615F /* Preview Assets.xcassets */ = {isa = PBXFileReference; lastKnownFileType = folder.assetcatalog; path = "Preview Assets.xcassets"; sourceTree = "<group>"; };
		ED2880C1274A1A0D0050615F /* LoginModel.swift */ = {isa = PBXFileReference; lastKnownFileType = sourcecode.swift; path = LoginModel.swift; sourceTree = "<group>"; };
		ED2880C4274A1AEA0050615F /* LoginViewModel.swift */ = {isa = PBXFileReference; lastKnownFileType = sourcecode.swift; path = LoginViewModel.swift; sourceTree = "<group>"; };
		ED2880C7274A1E6A0050615F /* LoginService.swift */ = {isa = PBXFileReference; lastKnownFileType = sourcecode.swift; path = LoginService.swift; sourceTree = "<group>"; };
		ED2880C9274A22A40050615F /* HomeView.swift */ = {isa = PBXFileReference; lastKnownFileType = sourcecode.swift; path = HomeView.swift; sourceTree = "<group>"; };
/* End PBXFileReference section */

/* Begin PBXFrameworksBuildPhase section */
		ED2880AC274A19DE0050615F /* Frameworks */ = {
			isa = PBXFrameworksBuildPhase;
			buildActionMask = 2147483647;
			files = (
			);
			runOnlyForDeploymentPostprocessing = 0;
		};
/* End PBXFrameworksBuildPhase section */

/* Begin PBXGroup section */
		ED2880A6274A19DE0050615F = {
			isa = PBXGroup;
			children = (
				ED2880B1274A19DE0050615F /* finalProjectV1 */,
				ED2880B0274A19DE0050615F /* Products */,
			);
			sourceTree = "<group>";
		};
		ED2880B0274A19DE0050615F /* Products */ = {
			isa = PBXGroup;
			children = (
				ED2880AF274A19DE0050615F /* finalProjectV1.app */,
			);
			name = Products;
			sourceTree = "<group>";
		};
		ED2880B1274A19DE0050615F /* finalProjectV1 */ = {
			isa = PBXGroup;
			children = (
				ED2880C6274A1E5B0050615F /* Service */,
				ED2880C3274A1AC00050615F /* ViewModel */,
				ED2880C0274A19FA0050615F /* Model */,
				ED2880B2274A19DE0050615F /* finalProjectV1App.swift */,
				ED2880B4274A19DE0050615F /* ContentView.swift */,
				ED2880B6274A19DF0050615F /* Assets.xcassets */,
				ED2880C9274A22A40050615F /* HomeView.swift */,
				ED2880B8274A19DF0050615F /* Preview Content */,
			);
			path = finalProjectV1;
			sourceTree = "<group>";
		};
		ED2880B8274A19DF0050615F /* Preview Content */ = {
			isa = PBXGroup;
			children = (
				ED2880B9274A19DF0050615F /* Preview Assets.xcassets */,
			);
			path = "Preview Content";
			sourceTree = "<group>";
		};
		ED2880C0274A19FA0050615F /* Model */ = {
			isa = PBXGroup;
			children = (
				ED2880C1274A1A0D0050615F /* LoginModel.swift */,
			);
			path = Model;
			sourceTree = "<group>";
		};
		ED2880C3274A1AC00050615F /* ViewModel */ = {
			isa = PBXGroup;
			children = (
				ED2880C4274A1AEA0050615F /* LoginViewModel.swift */,
			);
			path = ViewModel;
			sourceTree = "<group>";
		};
		ED2880C6274A1E5B0050615F /* Service */ = {
			isa = PBXGroup;
			children = (
				ED2880C7274A1E6A0050615F /* LoginService.swift */,
			);
			path = Service;
			sourceTree = "<group>";
		};
/* End PBXGroup section */

/* Begin PBXNativeTarget section */
		ED2880AE274A19DE0050615F /* finalProjectV1 */ = {
			isa = PBXNativeTarget;
			buildConfigurationList = ED2880BD274A19DF0050615F /* Build configuration list for PBXNativeTarget "finalProjectV1" */;
			buildPhases = (
				ED2880AB274A19DE0050615F /* Sources */,
				ED2880AC274A19DE0050615F /* Frameworks */,
				ED2880AD274A19DE0050615F /* Resources */,
			);
			buildRules = (
			);
			dependencies = (
			);
			name = finalProjectV1;
			productName = finalProjectV1;
			productReference = ED2880AF274A19DE0050615F /* finalProjectV1.app */;
			productType = "com.apple.product-type.application";
		};
/* End PBXNativeTarget section */

/* Begin PBXProject section */
		ED2880A7274A19DE0050615F /* Project object */ = {
			isa = PBXProject;
			attributes = {
				BuildIndependentTargetsInParallel = 1;
				LastSwiftUpdateCheck = 1310;
				LastUpgradeCheck = 1310;
				TargetAttributes = {
					ED2880AE274A19DE0050615F = {
						CreatedOnToolsVersion = 13.1;
					};
				};
			};
			buildConfigurationList = ED2880AA274A19DE0050615F /* Build configuration list for PBXProject "finalProjectV1" */;
			compatibilityVersion = "Xcode 13.0";
			developmentRegion = en;
			hasScannedForEncodings = 0;
			knownRegions = (
				en,
				Base,
			);
			mainGroup = ED2880A6274A19DE0050615F;
			productRefGroup = ED2880B0274A19DE0050615F /* Products */;
			projectDirPath = "";
			projectRoot = "";
			targets = (
				ED2880AE274A19DE0050615F /* finalProjectV1 */,
			);
		};
/* End PBXProject section */

/* Begin PBXResourcesBuildPhase section */
		ED2880AD274A19DE0050615F /* Resources */ = {
			isa = PBXResourcesBuildPhase;
			buildActionMask = 2147483647;
			files = (
				ED2880BA274A19DF0050615F /* Preview Assets.xcassets in Resources */,
				ED2880B7274A19DF0050615F /* Assets.xcassets in Resources */,
			);
			runOnlyForDeploymentPostprocessing = 0;
		};
/* End PBXResourcesBuildPhase section */

/* Begin PBXSourcesBuildPhase section */
		ED2880AB274A19DE0050615F /* Sources */ = {
			isa = PBXSourcesBuildPhase;
			buildActionMask = 2147483647;
			files = (
				ED2880C5274A1AEA0050615F /* LoginViewModel.swift in Sources */,
				ED2880B5274A19DE0050615F /* ContentView.swift in Sources */,
				ED2880C8274A1E6A0050615F /* LoginService.swift in Sources */,
				ED2880CA274A22A40050615F /* HomeView.swift in Sources */,
				ED2880C2274A1A0D0050615F /* LoginModel.swift in Sources */,
				ED2880B3274A19DE0050615F /* finalProjectV1App.swift in Sources */,
			);
			runOnlyForDeploymentPostprocessing = 0;
		};
/* End PBXSourcesBuildPhase section */

/* Begin XCBuildConfiguration section */
		ED2880BB274A19DF0050615F /* Debug */ = {
			isa = XCBuildConfiguration;
			buildSettings = {
				ALWAYS_SEARCH_USER_PATHS = NO;
				CLANG_ANALYZER_NONNULL = YES;
				CLANG_ANALYZER_NUMBER_OBJECT_CONVERSION = YES_AGGRESSIVE;
				CLANG_CXX_LANGUAGE_STANDARD = "gnu++17";
				CLANG_CXX_LIBRARY = "libc++";
				CLANG_ENABLE_MODULES = YES;
				CLANG_ENABLE_OBJC_ARC = YES;
				CLANG_ENABLE_OBJC_WEAK = YES;
				CLANG_WARN_BLOCK_CAPTURE_AUTORELEASING = YES;
				CLANG_WARN_BOOL_CONVERSION = YES;
				CLANG_WARN_COMMA = YES;
				CLANG_WARN_CONSTANT_CONVERSION = YES;
				CLANG_WARN_DEPRECATED_OBJC_IMPLEMENTATIONS = YES;
				CLANG_WARN_DIRECT_OBJC_ISA_USAGE = YES_ERROR;
				CLANG_WARN_DOCUMENTATION_COMMENTS = YES;
				CLANG_WARN_EMPTY_BODY = YES;
				CLANG_WARN_ENUM_CONVERSION = YES;
				CLANG_WARN_INFINITE_RECURSION = YES;
				CLANG_WARN_INT_CONVERSION = YES;
				CLANG_WARN_NON_LITERAL_NULL_CONVERSION = YES;
				CLANG_WARN_OBJC_IMPLICIT_RETAIN_SELF = YES;
				CLANG_WARN_OBJC_LITERAL_CONVERSION = YES;
				CLANG_WARN_OBJC_ROOT_CLASS = YES_ERROR;
				CLANG_WARN_QUOTED_INCLUDE_IN_FRAMEWORK_HEADER = YES;
				CLANG_WARN_RANGE_LOOP_ANALYSIS = YES;
				CLANG_WARN_STRICT_PROTOTYPES = YES;
				CLANG_WARN_SUSPICIOUS_MOVE = YES;
				CLANG_WARN_UNGUARDED_AVAILABILITY = YES_AGGRESSIVE;
				CLANG_WARN_UNREACHABLE_CODE = YES;
				CLANG_WARN__DUPLICATE_METHOD_MATCH = YES;
				COPY_PHASE_STRIP = NO;
				DEBUG_INFORMATION_FORMAT = dwarf;
				ENABLE_STRICT_OBJC_MSGSEND = YES;
				ENABLE_TESTABILITY = YES;
				GCC_C_LANGUAGE_STANDARD = gnu11;
				GCC_DYNAMIC_NO_PIC = NO;
				GCC_NO_COMMON_BLOCKS = YES;
				GCC_OPTIMIZATION_LEVEL = 0;
				GCC_PREPROCESSOR_DEFINITIONS = (
					"DEBUG=1",
					"$(inherited)",
				);
				GCC_WARN_64_TO_32_BIT_CONVERSION = YES;
				GCC_WARN_ABOUT_RETURN_TYPE = YES_ERROR;
				GCC_WARN_UNDECLARED_SELECTOR = YES;
				GCC_WARN_UNINITIALIZED_AUTOS = YES_AGGRESSIVE;
				GCC_WARN_UNUSED_FUNCTION = YES;
				GCC_WARN_UNUSED_VARIABLE = YES;
				IPHONEOS_DEPLOYMENT_TARGET = 15.0;
				MTL_ENABLE_DEBUG_INFO = INCLUDE_SOURCE;
				MTL_FAST_MATH = YES;
				ONLY_ACTIVE_ARCH = YES;
				SDKROOT = iphoneos;
				SWIFT_ACTIVE_COMPILATION_CONDITIONS = DEBUG;
				SWIFT_OPTIMIZATION_LEVEL = "-Onone";
			};
			name = Debug;
		};
		ED2880BC274A19DF0050615F /* Release */ = {
			isa = XCBuildConfiguration;
			buildSettings = {
				ALWAYS_SEARCH_USER_PATHS = NO;
				CLANG_ANALYZER_NONNULL = YES;
				CLANG_ANALYZER_NUMBER_OBJECT_CONVERSION = YES_AGGRESSIVE;
				CLANG_CXX_LANGUAGE_STANDARD = "gnu++17";
				CLANG_CXX_LIBRARY = "libc++";
				CLANG_ENABLE_MODULES = YES;
				CLANG_ENABLE_OBJC_ARC = YES;
				CLANG_ENABLE_OBJC_WEAK = YES;
				CLANG_WARN_BLOCK_CAPTURE_AUTORELEASING = YES;
				CLANG_WARN_BOOL_CONVERSION = YES;
				CLANG_WARN_COMMA = YES;
				CLANG_WARN_CONSTANT_CONVERSION = YES;
				CLANG_WARN_DEPRECATED_OBJC_IMPLEMENTATIONS = YES;
				CLANG_WARN_DIRECT_OBJC_ISA_USAGE = YES_ERROR;
				CLANG_WARN_DOCUMENTATION_COMMENTS = YES;
				CLANG_WARN_EMPTY_BODY = YES;
				CLANG_WARN_ENUM_CONVERSION = YES;
				CLANG_WARN_INFINITE_RECURSION = YES;
				CLANG_WARN_INT_CONVERSION = YES;
				CLANG_WARN_NON_LITERAL_NULL_CONVERSION = YES;
				CLANG_WARN_OBJC_IMPLICIT_RETAIN_SELF = YES;
				CLANG_WARN_OBJC_LITERAL_CONVERSION = YES;
				CLANG_WARN_OBJC_ROOT_CLASS = YES_ERROR;
				CLANG_WARN_QUOTED_INCLUDE_IN_FRAMEWORK_HEADER = YES;
				CLANG_WARN_RANGE_LOOP_ANALYSIS = YES;
				CLANG_WARN_STRICT_PROTOTYPES = YES;
				CLANG_WARN_SUSPICIOUS_MOVE = YES;
				CLANG_WARN_UNGUARDED_AVAILABILITY = YES_AGGRESSIVE;
				CLANG_WARN_UNREACHABLE_CODE = YES;
				CLANG_WARN__DUPLICATE_METHOD_MATCH = YES;
				COPY_PHASE_STRIP = NO;
				DEBUG_INFORMATION_FORMAT = "dwarf-with-dsym";
				ENABLE_NS_ASSERTIONS = NO;
				ENABLE_STRICT_OBJC_MSGSEND = YES;
				GCC_C_LANGUAGE_STANDARD = gnu11;
				GCC_NO_COMMON_BLOCKS = YES;
				GCC_WARN_64_TO_32_BIT_CONVERSION = YES;
				GCC_WARN_ABOUT_RETURN_TYPE = YES_ERROR;
				GCC_WARN_UNDECLARED_SELECTOR = YES;
				GCC_WARN_UNINITIALIZED_AUTOS = YES_AGGRESSIVE;
				GCC_WARN_UNUSED_FUNCTION = YES;
				GCC_WARN_UNUSED_VARIABLE = YES;
				IPHONEOS_DEPLOYMENT_TARGET = 15.0;
				MTL_ENABLE_DEBUG_INFO = NO;
				MTL_FAST_MATH = YES;
				SDKROOT = iphoneos;
				SWIFT_COMPILATION_MODE = wholemodule;
				SWIFT_OPTIMIZATION_LEVEL = "-O";
				VALIDATE_PRODUCT = YES;
			};
			name = Release;
		};
		ED2880BE274A19DF0050615F /* Debug */ = {
			isa = XCBuildConfiguration;
			buildSettings = {
				ASSETCATALOG_COMPILER_APPICON_NAME = AppIcon;
				ASSETCATALOG_COMPILER_GLOBAL_ACCENT_COLOR_NAME = AccentColor;
				CODE_SIGN_STYLE = Automatic;
				CURRENT_PROJECT_VERSION = 1;
				DEVELOPMENT_ASSET_PATHS = "\"finalProjectV1/Preview Content\"";
				DEVELOPMENT_TEAM = DQFL5NX8A9;
				ENABLE_PREVIEWS = YES;
				GENERATE_INFOPLIST_FILE = YES;
				INFOPLIST_KEY_UIApplicationSceneManifest_Generation = YES;
				INFOPLIST_KEY_UIApplicationSupportsIndirectInputEvents = YES;
				INFOPLIST_KEY_UILaunchScreen_Generation = YES;
				INFOPLIST_KEY_UISupportedInterfaceOrientations_iPad = "UIInterfaceOrientationPortrait UIInterfaceOrientationPortraitUpsideDown UIInterfaceOrientationLandscapeLeft UIInterfaceOrientationLandscapeRight";
				INFOPLIST_KEY_UISupportedInterfaceOrientations_iPhone = "UIInterfaceOrientationPortrait UIInterfaceOrientationLandscapeLeft UIInterfaceOrientationLandscapeRight";
				LD_RUNPATH_SEARCH_PATHS = (
					"$(inherited)",
					"@executable_path/Frameworks",
				);
				MARKETING_VERSION = 1.0;
				PRODUCT_BUNDLE_IDENTIFIER = com.lkyms.cd193p.finalProjectV1;
				PRODUCT_NAME = "$(TARGET_NAME)";
				SWIFT_EMIT_LOC_STRINGS = YES;
				SWIFT_VERSION = 5.0;
				TARGETED_DEVICE_FAMILY = "1,2";
			};
			name = Debug;
		};
		ED2880BF274A19DF0050615F /* Release */ = {
			isa = XCBuildConfiguration;
			buildSettings = {
				ASSETCATALOG_COMPILER_APPICON_NAME = AppIcon;
				ASSETCATALOG_COMPILER_GLOBAL_ACCENT_COLOR_NAME = AccentColor;
				CODE_SIGN_STYLE = Automatic;
				CURRENT_PROJECT_VERSION = 1;
				DEVELOPMENT_ASSET_PATHS = "\"finalProjectV1/Preview Content\"";
				DEVELOPMENT_TEAM = DQFL5NX8A9;
				ENABLE_PREVIEWS = YES;
				GENERATE_INFOPLIST_FILE = YES;
				INFOPLIST_KEY_UIApplicationSceneManifest_Generation = YES;
				INFOPLIST_KEY_UIApplicationSupportsIndirectInputEvents = YES;
				INFOPLIST_KEY_UILaunchScreen_Generation = YES;
				INFOPLIST_KEY_UISupportedInterfaceOrientations_iPad = "UIInterfaceOrientationPortrait UIInterfaceOrientationPortraitUpsideDown UIInterfaceOrientationLandscapeLeft UIInterfaceOrientationLandscapeRight";
				INFOPLIST_KEY_UISupportedInterfaceOrientations_iPhone = "UIInterfaceOrientationPortrait UIInterfaceOrientationLandscapeLeft UIInterfaceOrientationLandscapeRight";
				LD_RUNPATH_SEARCH_PATHS = (
					"$(inherited)",
					"@executable_path/Frameworks",
				);
				MARKETING_VERSION = 1.0;
				PRODUCT_BUNDLE_IDENTIFIER = com.lkyms.cd193p.finalProjectV1;
				PRODUCT_NAME = "$(TARGET_NAME)";
				SWIFT_EMIT_LOC_STRINGS = YES;
				SWIFT_VERSION = 5.0;
				TARGETED_DEVICE_FAMILY = "1,2";
			};
			name = Release;
		};
/* End XCBuildConfiguration section */

/* Begin XCConfigurationList section */
		ED2880AA274A19DE0050615F /* Build configuration list for PBXProject "finalProjectV1" */ = {
			isa = XCConfigurationList;
			buildConfigurations = (
				ED2880BB274A19DF0050615F /* Debug */,
				ED2880BC274A19DF0050615F /* Release */,
			);
			defaultConfigurationIsVisible = 0;
			defaultConfigurationName = Release;
		};
		ED2880BD274A19DF0050615F /* Build configuration list for PBXNativeTarget "finalProjectV1" */ = {
			isa = XCConfigurationList;
			buildConfigurations = (
				ED2880BE274A19DF0050615F /* Debug */,
				ED2880BF274A19DF0050615F /* Release */,
			);
			defaultConfigurationIsVisible = 0;
			defaultConfigurationName = Release;
		};
/* End XCConfigurationList section */
	};
	rootObject = ED2880A7274A19DE0050615F /* Project object */;
}
